
Microsoft Visual Studio Solution File, Format Version 12.00
# Visual Studio 15
VisualStudioVersion = 15.0.27130.2027
MinimumVisualStudioVersion = 10.0.40219.1
Project("{FAE04EC0-301F-11D3-BF4B-00C04F79EFBC}") = "MyRPG", "MyRPG\MyRPG.csproj", "{AC52DE75-D566-4927-8060-A6371B51A1E9}"
EndProject
Global
	GlobalSection(SolutionConfigurationPlatforms) = preSolution
		Debug|Any CPU = Debug|Any CPU
		Release|Any CPU = Release|Any CPU
	EndGlobalSection
	GlobalSection(ProjectConfigurationPlatforms) = postSolution
		{AC52DE75-D566-4927-8060-A6371B51A1E9}.Debug|Any CPU.ActiveCfg = Debug|Any CPU
		{AC52DE75-D566-4927-8060-A6371B51A1E9}.Debug|Any CPU.Build.0 = Debug|Any CPU
		{AC52DE75-D566-4927-8060-A6371B51A1E9}.Release|Any CPU.ActiveCfg = Release|Any CPU
		{AC52DE75-D566-4927-8060-A6371B51A1E9}.Release|Any CPU.Build.0 = Release|Any CPU
	EndGlobalSection
	GlobalSection(SolutionProperties) = preSolution
		HideSolutionNode = FALSE
	EndGlobalSection
	GlobalSection(ExtensibilityGlobals) = postSolution
		SolutionGuid = {9B39DC0A-F61F-4D99-845C-33809C6F8CC9}
	EndGlobalSection
EndGlobal
